
Microsoft Visual Studio Solution File, Format Version 12.00
# Visual Studio 15
VisualStudioVersion = 15.0.28307.271
MinimumVisualStudioVersion = 10.0.40219.1
Project("{9A19103F-16F7-4668-BE54-9A1E7A4F7556}") = "WebProxy", "WebProxy\WebProxy.csproj", "{ADFECE46-6961-4AE0-BC19-F44D92BDFE95}"
EndProject
Project("{9A19103F-16F7-4668-BE54-9A1E7A4F7556}") = "SocksWebProxy", "SocksWebProxy\SocksWebProxy\SocksWebProxy.csproj", "{3C46B291-D55A-444F-B9A3-B43BE0326281}"
EndProject
Project("{9A19103F-16F7-4668-BE54-9A1E7A4F7556}") = "Org.Mentalis", "SocksWebProxy\Org.Mentalis\Org.Mentalis.csproj", "{78A8D257-3D0F-4CFF-8AF3-0932E31BD989}"
EndProject
Project("{FAE04EC0-301F-11D3-BF4B-00C04F79EFBC}") = "ProxyWork", "ProxyWork\ProxyWork.csproj", "{56594E19-0131-4617-BA85-680C69723729}"
EndProject
Project("{FAE04EC0-301F-11D3-BF4B-00C04F79EFBC}") = "xNet", "xNet\xNet.csproj", "{5D25D06E-0D35-42EF-BBA2-D5DE6E06CD04}"
EndProject
Global
	GlobalSection(SolutionConfigurationPlatforms) = preSolution
		Debug|Any CPU = Debug|Any CPU
		Release|Any CPU = Release|Any CPU
	EndGlobalSection
	GlobalSection(ProjectConfigurationPlatforms) = postSolution
		{ADFECE46-6961-4AE0-BC19-F44D92BDFE95}.Debug|Any CPU.ActiveCfg = Debug|Any CPU
		{ADFECE46-6961-4AE0-BC19-F44D92BDFE95}.Debug|Any CPU.Build.0 = Debug|Any CPU
		{ADFECE46-6961-4AE0-BC19-F44D92BDFE95}.Release|Any CPU.ActiveCfg = Release|Any CPU
		{ADFECE46-6961-4AE0-BC19-F44D92BDFE95}.Release|Any CPU.Build.0 = Release|Any CPU
		{3C46B291-D55A-444F-B9A3-B43BE0326281}.Debug|Any CPU.ActiveCfg = Debug|Any CPU
		{3C46B291-D55A-444F-B9A3-B43BE0326281}.Debug|Any CPU.Build.0 = Debug|Any CPU
		{3C46B291-D55A-444F-B9A3-B43BE0326281}.Release|Any CPU.ActiveCfg = Release|Any CPU
		{3C46B291-D55A-444F-B9A3-B43BE0326281}.Release|Any CPU.Build.0 = Release|Any CPU
		{78A8D257-3D0F-4CFF-8AF3-0932E31BD989}.Debug|Any CPU.ActiveCfg = Debug|Any CPU
		{78A8D257-3D0F-4CFF-8AF3-0932E31BD989}.Debug|Any CPU.Build.0 = Debug|Any CPU
		{78A8D257-3D0F-4CFF-8AF3-0932E31BD989}.Release|Any CPU.ActiveCfg = Release|Any CPU
		{78A8D257-3D0F-4CFF-8AF3-0932E31BD989}.Release|Any CPU.Build.0 = Release|Any CPU
		{56594E19-0131-4617-BA85-680C69723729}.Debug|Any CPU.ActiveCfg = Debug|Any CPU
		{56594E19-0131-4617-BA85-680C69723729}.Debug|Any CPU.Build.0 = Debug|Any CPU
		{56594E19-0131-4617-BA85-680C69723729}.Release|Any CPU.ActiveCfg = Release|Any CPU
		{56594E19-0131-4617-BA85-680C69723729}.Release|Any CPU.Build.0 = Release|Any CPU
		{5D25D06E-0D35-42EF-BBA2-D5DE6E06CD04}.Debug|Any CPU.ActiveCfg = Debug|Any CPU
		{5D25D06E-0D35-42EF-BBA2-D5DE6E06CD04}.Debug|Any CPU.Build.0 = Debug|Any CPU
		{5D25D06E-0D35-42EF-BBA2-D5DE6E06CD04}.Release|Any CPU.ActiveCfg = Release|Any CPU
		{5D25D06E-0D35-42EF-BBA2-D5DE6E06CD04}.Release|Any CPU.Build.0 = Release|Any CPU
	EndGlobalSection
	GlobalSection(SolutionProperties) = preSolution
		HideSolutionNode = FALSE
	EndGlobalSection
	GlobalSection(ExtensibilityGlobals) = postSolution
		SolutionGuid = {29F1A9B4-87BE-473A-BF18-88CA65E1BB23}
	EndGlobalSection
EndGlobal
